version = 1
revision = 3
requires-python = ">=3.13"

[[package]]
name = "beautifulsoup4"
version = "4.14.3"
source = { registry = "https://pypi.org/simple" }
dependencies = [
    { name = "soupsieve" },
    { name = "typing-extensions" },
]
sdist = { url = "https://files.pythonhosted.org/packages/c3/b0/1c6a16426d389813b48d95e26898aff79abbde42ad353958ad95cc8c9b21/beautifulsoup4-4.14.3.tar.gz", hash = "sha256:6292b1c5186d356bba669ef9f7f051757099565ad9ada5dd630bd9de5fa7fb86", size = 627737, upload-time = "2025-11-30T15:08:26.084Z" }
wheels = [
    { url = "https://files.pythonhosted.org/packages/1a/39/47f9197bdd44df24d67ac8893641e16f386c984a0619ef2ee4c51fbbc019/beautifulsoup4-4.14.3-py3-none-any.whl", hash = "sha256:0918bfe44902e6ad8d57732ba310582e98da931428d231a5ecb9e7c703a735bb", size = 107721, upload-time = "2025-11-30T15:08:24.087Z" },
]

[[package]]
name = "certifi"
version = "2026.2.25"
source = { registry = "https://pypi.org/simple" }
sdist = { url = "https://files.pythonhosted.org/packages/af/2d/7bf41579a8986e348fa033a31cdd0e4121114f6bce2457e8876010b092dd/certifi-2026.2.25.tar.gz", hash = "sha256:e887ab5cee78ea814d3472169153c2d12cd43b14bd03329a39a9c6e2e80bfba7", size = 155029, upload-time = "2026-02-25T02:54:17.342Z" }
wheels = [
    { url = "https://files.pythonhosted.org/packages/9a/3c/c17fb3ca2d9c3acff52e30b309f538586f9f5b9c9cf454f3845fc9af4881/certifi-2026.2.25-py3-none-any.whl", hash = "sha256:027692e4402ad994f1c42e52a4997a9763c646b73e4096e4d5d6db8af1d6f0fa", size = 153684, upload-time = "2026-02-25T02:54:15.766Z" },
]

[[package]]
name = "charset-normalizer"
version = "3.4.5"
source = { registry = "https://pypi.org/simple" }
sdist = { url = "https://files.pythonhosted.org/packages/1d/35/02daf95b9cd686320bb622eb148792655c9412dbb9b67abb5694e5910a24/charset_normalizer-3.4.5.tar.gz", hash = "sha256:95adae7b6c42a6c5b5b559b1a99149f090a57128155daeea91732c8d970d8644", size = 134804, upload-time = "2026-03-06T06:03:19.46Z" }
wheels = [
    { url = "https://files.pythonhosted.org/packages/f5/48/9f34ec4bb24aa3fdba1890c1bddb97c8a4be1bd84ef5c42ac2352563ad05/charset_normalizer-3.4.5-cp313-cp313-macosx_10_13_universal2.whl", hash = "sha256:ac59c15e3f1465f722607800c68713f9fbc2f672b9eb649fe831da4019ae9b23", size = 280788, upload-time = "2026-03-06T06:01:37.126Z" },
    { url = "https://files.pythonhosted.org/packages/0e/09/6003e7ffeb90cc0560da893e3208396a44c210c5ee42efff539639def59b/charset_normalizer-3.4.5-cp313-cp313-manylinux2014_aarch64.manylinux_2_17_aarch64.manylinux_2_28_aarch64.whl", hash = "sha256:165c7b21d19365464e8f70e5ce5e12524c58b48c78c1f5a57524603c1ab003f8", size = 188890, upload-time = "2026-03-06T06:01:38.73Z" },
    { url = "https://files.pythonhosted.org/packages/42/1e/02706edf19e390680daa694d17e2b8eab4b5f7ac285e2a51168b4b22ee6b/charset_normalizer-3.4.5-cp313-cp313-manylinux2014_ppc64le.manylinux_2_17_ppc64le.manylinux_2_28_ppc64le.whl", hash = "sha256:28269983f25a4da0425743d0d257a2d6921ea7d9b83599d4039486ec5b9f911d", size = 206136, upload-time = "2026-03-06T06:01:40.016Z" },
    { url = "https://files.pythonhosted.org/packages/c7/87/942c3def1b37baf3cf786bad01249190f3ca3d5e63a84f831e704977de1f/charset_normalizer-3.4.5-cp313-cp313-manylinux2014_s390x.manylinux_2_17_s390x.manylinux_2_28_s390x.whl", hash = "sha256:d27ce22ec453564770d29d03a9506d449efbb9fa13c00842262b2f6801c48cce", size = 202551, upload-time = "2026-03-06T06:01:41.522Z" },
    { url = "https://files.pythonhosted.org/packages/94/0a/af49691938dfe175d71b8a929bd7e4ace2809c0c5134e28bc535660d5262/charset_normalizer-3.4.5-cp313-cp313-manylinux2014_x86_64.manylinux_2_17_x86_64.manylinux_2_28_x86_64.whl", hash = "sha256:0625665e4ebdddb553ab185de5db7054393af8879fb0c87bd5690d14379d6819", size = 195572, upload-time = "2026-03-06T06:01:43.208Z" },
    { url = "https://files.pythonhosted.org/packages/20/ea/dfb1792a8050a8e694cfbde1570ff97ff74e48afd874152d38163d1df9ae/charset_normalizer-3.4.5-cp313-cp313-manylinux_2_31_armv7l.whl", hash = "sha256:c23eb3263356d94858655b3e63f85ac5d50970c6e8febcdde7830209139cc37d", size = 184438, upload-time = "2026-03-06T06:01:44.755Z" },
    { url = "https://files.pythonhosted.org/packages/72/12/c281e2067466e3ddd0595bfaea58a6946765ace5c72dfa3edc2f5f118026/charset_normalizer-3.4.5-cp313-cp313-manylinux_2_31_riscv64.manylinux_2_39_riscv64.whl", hash = "sha256:e6302ca4ae283deb0af68d2fbf467474b8b6aedcd3dab4db187e07f94c109763", size = 193035, upload-time = "2026-03-06T06:01:46.051Z" },
    { url = "https://files.pythonhosted.org/packages/ba/4f/3792c056e7708e10464bad0438a44708886fb8f92e3c3d29ec5e2d964d42/charset_normalizer-3.4.5-cp313-cp313-musllinux_1_2_aarch64.whl", hash = "sha256:e51ae7d81c825761d941962450f50d041db028b7278e7b08930b4541b3e45cb9", size = 191340, upload-time = "2026-03-06T06:01:47.547Z" },
    { url = "https://files.pythonhosted.org/packages/e7/86/80ddba897127b5c7a9bccc481b0cd36c8fefa485d113262f0fe4332f0bf4/charset_normalizer-3.4.5-cp313-cp313-musllinux_1_2_armv7l.whl", hash = "sha256:597d10dec876923e5c59e48dbd366e852eacb2b806029491d307daea6b917d7c", size = 185464, upload-time = "2026-03-06T06:01:48.764Z" },
    { url = "https://files.pythonhosted.org/packages/4d/00/b5eff85ba198faacab83e0e4b6f0648155f072278e3b392a82478f8b988b/charset_normalizer-3.4.5-cp313-cp313-musllinux_1_2_ppc64le.whl", hash = "sha256:5cffde4032a197bd3b42fd0b9509ec60fb70918d6970e4cc773f20fc9180ca67", size = 208014, upload-time = "2026-03-06T06:01:50.371Z" },
    { url = "https://files.pythonhosted.org/packages/c8/11/d36f70be01597fd30850dde8a1269ebc8efadd23ba5785808454f2389bde/charset_normalizer-3.4.5-cp313-cp313-musllinux_1_2_riscv64.whl", hash = "sha256:2da4eedcb6338e2321e831a0165759c0c620e37f8cd044a263ff67493be8ffb3", size = 193297, upload-time = "2026-03-06T06:01:51.933Z" },
    { url = "https://files.pythonhosted.org/packages/1a/1d/259eb0a53d4910536c7c2abb9cb25f4153548efb42800c6a9456764649c0/charset_normalizer-3.4.5-cp313-cp313-musllinux_1_2_s390x.whl", hash = "sha256:65a126fb4b070d05340a84fc709dd9e7c75d9b063b610ece8a60197a291d0adf", size = 204321, upload-time = "2026-03-06T06:01:53.887Z" },
    { url = "https://files.pythonhosted.org/packages/84/31/faa6c5b9d3688715e1ed1bb9d124c384fe2fc1633a409e503ffe1c6398c1/charset_normalizer-3.4.5-cp313-cp313-musllinux_1_2_x86_64.whl", hash = "sha256:c7a80a9242963416bd81f99349d5f3fce1843c303bd404f204918b6d75a75fd6", size = 197509, upload-time = "2026-03-06T06:01:56.439Z" },
    { url = "https://files.pythonhosted.org/packages/fd/a5/c7d9dd1503ffc08950b3260f5d39ec2366dd08254f0900ecbcf3a6197c7c/charset_normalizer-3.4.5-cp313-cp313-win32.whl", hash = "sha256:f1d725b754e967e648046f00c4facc42d414840f5ccc670c5670f59f83693e4f", size = 132284, upload-time = "2026-03-06T06:01:57.812Z" },
    { url = "https://files.pythonhosted.org/packages/b9/0f/57072b253af40c8aa6636e6de7d75985624c1eb392815b2f934199340a89/charset_normalizer-3.4.5-cp313-cp313-win_amd64.whl", hash = "sha256:e37bd100d2c5d3ba35db9c7c5ba5a9228cbcffe5c4778dc824b164e5257813d7", size = 142630, upload-time = "2026-03-06T06:01:59.062Z" },
    { url = "https://files.pythonhosted.org/packages/31/41/1c4b7cc9f13bd9d369ce3bc993e13d374ce25fa38a2663644283ecf422c1/charset_normalizer-3.4.5-cp313-cp313-win_arm64.whl", hash = "sha256:93b3b2cc5cf1b8743660ce77a4f45f3f6d1172068207c1defc779a36eea6bb36", size = 133254, upload-time = "2026-03-06T06:02:00.281Z" },
    { url = "https://files.pythonhosted.org/packages/43/be/0f0fd9bb4a7fa4fb5067fb7d9ac693d4e928d306f80a0d02bde43a7c4aee/charset_normalizer-3.4.5-cp314-cp314-macosx_10_15_universal2.whl", hash = "sha256:8197abe5ca1ffb7d91e78360f915eef5addff270f8a71c1fc5be24a56f3e4873", size = 280232, upload-time = "2026-03-06T06:02:01.508Z" },
    { url = "https://files.pythonhosted.org/packages/28/02/983b5445e4bef49cd8c9da73a8e029f0825f39b74a06d201bfaa2e55142a/charset_normalizer-3.4.5-cp314-cp314-manylinux2014_aarch64.manylinux_2_17_aarch64.manylinux_2_28_aarch64.whl", hash = "sha256:a2aecdb364b8a1802afdc7f9327d55dad5366bc97d8502d0f5854e50712dbc5f", size = 189688, upload-time = "2026-03-06T06:02:02.857Z" },
    { url = "https://files.pythonhosted.org/packages/d0/88/152745c5166437687028027dc080e2daed6fe11cfa95a22f4602591c42db/charset_normalizer-3.4.5-cp314-cp314-manylinux2014_ppc64le.manylinux_2_17_ppc64le.manylinux_2_28_ppc64le.whl", hash = "sha256:a66aa5022bf81ab4b1bebfb009db4fd68e0c6d4307a1ce5ef6a26e5878dfc9e4", size = 206833, upload-time = "2026-03-06T06:02:05.127Z" },
    { url = "https://files.pythonhosted.org/packages/cb/0f/ebc15c8b02af2f19be9678d6eed115feeeccc45ce1f4b098d986c13e8769/charset_normalizer-3.4.5-cp314-cp314-manylinux2014_s390x.manylinux_2_17_s390x.manylinux_2_28_s390x.whl", hash = "sha256:d77f97e515688bd615c1d1f795d540f32542d514242067adcb8ef532504cb9ee", size = 202879, upload-time = "2026-03-06T06:02:06.446Z" },
    { url = "https://files.pythonhosted.org/packages/38/9c/71336bff6934418dc8d1e8a1644176ac9088068bc571da612767619c97b3/charset_normalizer-3.4.5-cp314-cp314-manylinux2014_x86_64.manylinux_2_17_x86_64.manylinux_2_28_x86_64.whl", hash = "sha256:01a1ed54b953303ca7e310fafe0fe347aab348bd81834a0bcd602eb538f89d66", size = 195764, upload-time = "2026-03-06T06:02:08.763Z" },
    { url = "https://files.pythonhosted.org/packages/b7/95/ce92fde4f98615661871bc282a856cf9b8a15f686ba0af012984660d480b/charset_normalizer-3.4.5-cp314-cp314-manylinux_2_31_armv7l.whl", hash = "sha256:b2d37d78297b39a9eb9eb92c0f6df98c706467282055419df141389b23f93362", size = 183728, upload-time = "2026-03-06T06:02:10.137Z" },
    { url = "https://files.pythonhosted.org/packages/1c/e7/f5b4588d94e747ce45ae680f0f242bc2d98dbd4eccfab73e6160b6893893/charset_normalizer-3.4.5-cp314-cp314-manylinux_2_31_riscv64.manylinux_2_39_riscv64.whl", hash = "sha256:e71bbb595973622b817c042bd943c3f3667e9c9983ce3d205f973f486fec98a7", size = 192937, upload-time = "2026-03-06T06:02:11.663Z" },
    { url = "https://files.pythonhosted.org/packages/f9/29/9d94ed6b929bf9f48bf6ede6e7474576499f07c4c5e878fb186083622716/charset_normalizer-3.4.5-cp314-cp314-musllinux_1_2_aarch64.whl", hash = "sha256:4cd966c2559f501c6fd69294d082c2934c8dd4719deb32c22961a5ac6db0df1d", size = 192040, upload-time = "2026-03-06T06:02:13.489Z" },
    { url = "https://files.pythonhosted.org/packages/15/d2/1a093a1cf827957f9445f2fe7298bcc16f8fc5e05c1ed2ad1af0b239035e/charset_normalizer-3.4.5-cp314-cp314-musllinux_1_2_armv7l.whl", hash = "sha256:d5e52d127045d6ae01a1e821acfad2f3a1866c54d0e837828538fabe8d9d1bd6", size = 184107, upload-time = "2026-03-06T06:02:14.83Z" },
    { url = "https://files.pythonhosted.org/packages/0f/7d/82068ce16bd36135df7b97f6333c5d808b94e01d4599a682e2337ed5fd14/charset_normalizer-3.4.5-cp314-cp314-musllinux_1_2_ppc64le.whl", hash = "sha256:30a2b1a48478c3428d047ed9690d57c23038dac838a87ad624c85c0a78ebeb39", size = 208310, upload-time = "2026-03-06T06:02:16.165Z" },
    { url = "https://files.pythonhosted.org/packages/84/4e/4dfb52307bb6af4a5c9e73e482d171b81d36f522b21ccd28a49656baa680/charset_normalizer-3.4.5-cp314-cp314-musllinux_1_2_riscv64.whl", hash = "sha256:d8ed79b8f6372ca4254955005830fd61c1ccdd8c0fac6603e2c145c61dd95db6", size = 192918, upload-time = "2026-03-06T06:02:18.144Z" },
    { url = "https://files.pythonhosted.org/packages/08/a4/159ff7da662cf7201502ca89980b8f06acf3e887b278956646a8aeb178ab/charset_normalizer-3.4.5-cp314-cp314-musllinux_1_2_s390x.whl", hash = "sha256:c5af897b45fa606b12464ccbe0014bbf8c09191e0a66aab6aa9d5cf6e77e0c94", size = 204615, upload-time = "2026-03-06T06:02:19.821Z" },
    { url = "https://files.pythonhosted.org/packages/d6/62/0dd6172203cb6b429ffffc9935001fde42e5250d57f07b0c28c6046deb6b/charset_normalizer-3.4.5-cp314-cp314-musllinux_1_2_x86_64.whl", hash = "sha256:1088345bcc93c58d8d8f3d783eca4a6e7a7752bbff26c3eee7e73c597c191c2e", size = 197784, upload-time = "2026-03-06T06:02:21.86Z" },
    { url = "https://files.pythonhosted.org/packages/c7/5e/1aab5cb737039b9c59e63627dc8bbc0d02562a14f831cc450e5f91d84ce1/charset_normalizer-3.4.5-cp314-cp314-win32.whl", hash = "sha256:ee57b926940ba00bca7ba7041e665cc956e55ef482f851b9b65acb20d867e7a2", size = 133009, upload-time = "2026-03-06T06:02:23.289Z" },
    { url = "https://files.pythonhosted.org/packages/40/65/e7c6c77d7aaa4c0d7974f2e403e17f0ed2cb0fc135f77d686b916bf1eead/charset_normalizer-3.4.5-cp314-cp314-win_amd64.whl", hash = "sha256:4481e6da1830c8a1cc0b746b47f603b653dadb690bcd851d039ffaefe70533aa", size = 143511, upload-time = "2026-03-06T06:02:26.195Z" },
    { url = "https://files.pythonhosted.org/packages/ba/91/52b0841c71f152f563b8e072896c14e3d83b195c188b338d3cc2e582d1d4/charset_normalizer-3.4.5-cp314-cp314-win_arm64.whl", hash = "sha256:97ab7787092eb9b50fb47fa04f24c75b768a606af1bcba1957f07f128a7219e4", size = 133775, upload-time = "2026-03-06T06:02:27.473Z" },
    { url = "https://files.pythonhosted.org/packages/c5/60/3a621758945513adfd4db86827a5bafcc615f913dbd0b4c2ed64a65731be/charset_normalizer-3.4.5-py3-none-any.whl", hash = "sha256:9db5e3fcdcee89a78c04dffb3fe33c79f77bd741a624946db2591c81b2fc85b0", size = 55455, upload-time = "2026-03-06T06:03:17.827Z" },
]

[[package]]
name = "daily-bonus"
version = "0.1.0"
source = { virtual = "." }
dependencies = [
    { name = "beautifulsoup4" },
    { name = "lxml" },
    { name = "playwright" },
    { name = "playwright-stealth" },
    { name = "requests" },
    { name = "telegram" },
]

[package.metadata]
requires-dist = [
    { name = "beautifulsoup4", specifier = ">=4.14.3" },
    { name = "lxml", specifier = ">=6.1.0" },
    { name = "playwright", specifier = ">=1.58.0" },
    { name = "playwright-stealth", specifier = ">=2.0.2" },
    { name = "requests", specifier = ">=2.33.0" },
    { name = "telegram", specifier = ">=0.0.1" },
]

[[package]]
name = "greenlet"
version = "3.3.2"
source = { registry = "https://pypi.org/simple" }
sdist = { url = "https://files.pythonhosted.org/packages/a3/51/1664f6b78fc6ebbd98019a1fd730e83fa78f2db7058f72b1463d3612b8db/greenlet-3.3.2.tar.gz", hash = "sha256:2eaf067fc6d886931c7962e8c6bede15d2f01965560f3359b27c80bde2d151f2", size = 188267, upload-time = "2026-02-20T20:54:15.531Z" }
wheels = [
    { url = "https://files.pythonhosted.org/packages/ac/48/f8b875fa7dea7dd9b33245e37f065af59df6a25af2f9561efa8d822fde51/greenlet-3.3.2-cp313-cp313-macosx_11_0_universal2.whl", hash = "sha256:aa6ac98bdfd716a749b84d4034486863fd81c3abde9aa3cf8eff9127981a4ae4", size = 279120, upload-time = "2026-02-20T20:19:01.9Z" },
    { url = "https://files.pythonhosted.org/packages/49/8d/9771d03e7a8b1ee456511961e1b97a6d77ae1dea4a34a5b98eee706689d3/greenlet-3.3.2-cp313-cp313-manylinux_2_24_aarch64.manylinux_2_28_aarch64.whl", hash = "sha256:ab0c7e7901a00bc0a7284907273dc165b32e0d109a6713babd04471327ff7986", size = 603238, upload-time = "2026-02-20T20:47:32.873Z" },
    { url = "https://files.pythonhosted.org/packages/59/0e/4223c2bbb63cd5c97f28ffb2a8aee71bdfb30b323c35d409450f51b91e3e/greenlet-3.3.2-cp313-cp313-manylinux_2_24_ppc64le.manylinux_2_28_ppc64le.whl", hash = "sha256:d248d8c23c67d2291ffd47af766e2a3aa9fa1c6703155c099feb11f526c63a92", size = 614219, upload-time = "2026-02-20T20:55:59.817Z" },
    { url = "https://files.pythonhosted.org/packages/94/2b/4d012a69759ac9d77210b8bfb128bc621125f5b20fc398bce3940d036b1c/greenlet-3.3.2-cp313-cp313-manylinux_2_24_s390x.manylinux_2_28_s390x.whl", hash = "sha256:ccd21bb86944ca9be6d967cf7691e658e43417782bce90b5d2faeda0ff78a7dd", size = 628268, upload-time = "2026-02-20T21:02:48.024Z" },
    { url = "https://files.pythonhosted.org/packages/7a/34/259b28ea7a2a0c904b11cd36c79b8cef8019b26ee5dbe24e73b469dea347/greenlet-3.3.2-cp313-cp313-manylinux_2_24_x86_64.manylinux_2_28_x86_64.whl", hash = "sha256:b6997d360a4e6a4e936c0f9625b1c20416b8a0ea18a8e19cabbefc712e7397ab", size = 616774, upload-time = "2026-02-20T20:21:02.454Z" },
    { url = "https://files.pythonhosted.org/packages/0a/03/996c2d1689d486a6e199cb0f1cf9e4aa940c500e01bdf201299d7d61fa69/greenlet-3.3.2-cp313-cp313-musllinux_1_2_aarch64.whl", hash = "sha256:64970c33a50551c7c50491671265d8954046cb6e8e2999aacdd60e439b70418a", size = 1571277, upload-time = "2026-02-20T20:49:34.795Z" },
    { url = "https://files.pythonhosted.org/packages/d9/c4/2570fc07f34a39f2caf0bf9f24b0a1a0a47bc2e8e465b2c2424821389dfc/greenlet-3.3.2-cp313-cp313-musllinux_1_2_x86_64.whl", hash = "sha256:1a9172f5bf6bd88e6ba5a84e0a68afeac9dc7b6b412b245dd64f52d83c81e55b", size = 1640455, upload-time = "2026-02-20T20:21:10.261Z" },
    { url = "https://files.pythonhosted.org/packages/91/39/5ef5aa23bc545aa0d31e1b9b55822b32c8da93ba657295840b6b34124009/greenlet-3.3.2-cp313-cp313-win_amd64.whl", hash = "sha256:a7945dd0eab63ded0a48e4dcade82939783c172290a7903ebde9e184333ca124", size = 230961, upload-time = "2026-02-20T20:16:58.461Z" },
    { url = "https://files.pythonhosted.org/packages/62/6b/a89f8456dcb06becff288f563618e9f20deed8dd29beea14f9a168aef64b/greenlet-3.3.2-cp313-cp313-win_arm64.whl", hash = "sha256:394ead29063ee3515b4e775216cb756b2e3b4a7e55ae8fd884f17fa579e6b327", size = 230221, upload-time = "2026-02-20T20:17:37.152Z" },
    { url = "https://files.pythonhosted.org/packages/3f/ae/8bffcbd373b57a5992cd077cbe8858fff39110480a9d50697091faea6f39/greenlet-3.3.2-cp314-cp314-macosx_11_0_universal2.whl", hash = "sha256:8d1658d7291f9859beed69a776c10822a0a799bc4bfe1bd4272bb60e62507dab", size = 279650, upload-time = "2026-02-20T20:18:00.783Z" },
    { url = "https://files.pythonhosted.org/packages/d1/c0/45f93f348fa49abf32ac8439938726c480bd96b2a3c6f4d949ec0124b69f/greenlet-3.3.2-cp314-cp314-manylinux_2_24_aarch64.manylinux_2_28_aarch64.whl", hash = "sha256:18cb1b7337bca281915b3c5d5ae19f4e76d35e1df80f4ad3c1a7be91fadf1082", size = 650295, upload-time = "2026-02-20T20:47:34.036Z" },
    { url = "https://files.pythonhosted.org/packages/b3/de/dd7589b3f2b8372069ab3e4763ea5329940fc7ad9dcd3e272a37516d7c9b/greenlet-3.3.2-cp314-cp314-manylinux_2_24_ppc64le.manylinux_2_28_ppc64le.whl", hash = "sha256:c2e47408e8ce1c6f1ceea0dffcdf6ebb85cc09e55c7af407c99f1112016e45e9", size = 662163, upload-time = "2026-02-20T20:56:01.295Z" },
    { url = "https://files.pythonhosted.org/packages/cd/ac/85804f74f1ccea31ba518dcc8ee6f14c79f73fe36fa1beba38930806df09/greenlet-3.3.2-cp314-cp314-manylinux_2_24_s390x.manylinux_2_28_s390x.whl", hash = "sha256:e3cb43ce200f59483eb82949bf1835a99cf43d7571e900d7c8d5c62cdf25d2f9", size = 675371, upload-time = "2026-02-20T21:02:49.664Z" },
    { url = "https://files.pythonhosted.org/packages/d2/d8/09bfa816572a4d83bccd6750df1926f79158b1c36c5f73786e26dbe4ee38/greenlet-3.3.2-cp314-cp314-manylinux_2_24_x86_64.manylinux_2_28_x86_64.whl", hash = "sha256:63d10328839d1973e5ba35e98cccbca71b232b14051fd957b6f8b6e8e80d0506", size = 664160, upload-time = "2026-02-20T20:21:04.015Z" },
    { url = "https://files.pythonhosted.org/packages/48/cf/56832f0c8255d27f6c35d41b5ec91168d74ec721d85f01a12131eec6b93c/greenlet-3.3.2-cp314-cp314-musllinux_1_2_aarch64.whl", hash = "sha256:8e4ab3cfb02993c8cc248ea73d7dae6cec0253e9afa311c9b37e603ca9fad2ce", size = 1619181, upload-time = "2026-02-20T20:49:36.052Z" },
    { url = "https://files.pythonhosted.org/packages/0a/23/b90b60a4aabb4cec0796e55f25ffbfb579a907c3898cd2905c8918acaa16/greenlet-3.3.2-cp314-cp314-musllinux_1_2_x86_64.whl", hash = "sha256:94ad81f0fd3c0c0681a018a976e5c2bd2ca2d9d94895f23e7bb1af4e8af4e2d5", size = 1687713, upload-time = "2026-02-20T20:21:11.684Z" },
    { url = "https://files.pythonhosted.org/packages/f3/ca/2101ca3d9223a1dc125140dbc063644dca76df6ff356531eb27bc267b446/greenlet-3.3.2-cp314-cp314-win_amd64.whl", hash = "sha256:8c4dd0f3997cf2512f7601563cc90dfb8957c0cff1e3a1b23991d4ea1776c492", size = 232034, upload-time = "2026-02-20T20:20:08.186Z" },
    { url = "https://files.pythonhosted.org/packages/f6/4a/ecf894e962a59dea60f04877eea0fd5724618da89f1867b28ee8b91e811f/greenlet-3.3.2-cp314-cp314-win_arm64.whl", hash = "sha256:cd6f9e2bbd46321ba3bbb4c8a15794d32960e3b0ae2cc4d49a1a53d314805d71", size = 231437, upload-time = "2026-02-20T20:18:59.722Z" },
    { url = "https://files.pythonhosted.org/packages/98/6d/8f2ef704e614bcf58ed43cfb8d87afa1c285e98194ab2cfad351bf04f81e/greenlet-3.3.2-cp314-cp314t-macosx_11_0_universal2.whl", hash = "sha256:e26e72bec7ab387ac80caa7496e0f908ff954f31065b0ffc1f8ecb1338b11b54", size = 286617, upload-time = "2026-02-20T20:19:29.856Z" },
    { url = "https://files.pythonhosted.org/packages/5e/0d/93894161d307c6ea237a43988f27eba0947b360b99ac5239ad3fe09f0b47/greenlet-3.3.2-cp314-cp314t-manylinux_2_24_aarch64.manylinux_2_28_aarch64.whl", hash = "sha256:8b466dff7a4ffda6ca975979bab80bdadde979e29fc947ac3be4451428d8b0e4", size = 655189, upload-time = "2026-02-20T20:47:35.742Z" },
    { url = "https://files.pythonhosted.org/packages/f5/2c/d2d506ebd8abcb57386ec4f7ba20f4030cbe56eae541bc6fd6ef399c0b41/greenlet-3.3.2-cp314-cp314t-manylinux_2_24_ppc64le.manylinux_2_28_ppc64le.whl", hash = "sha256:b8bddc5b73c9720bea487b3bffdb1840fe4e3656fba3bd40aa1489e9f37877ff", size = 658225, upload-time = "2026-02-20T20:56:02.527Z" },
    { url = "https://files.pythonhosted.org/packages/d1/67/8197b7e7e602150938049d8e7f30de1660cfb87e4c8ee349b42b67bdb2e1/greenlet-3.3.2-cp314-cp314t-manylinux_2_24_s390x.manylinux_2_28_s390x.whl", hash = "sha256:59b3e2c40f6706b05a9cd299c836c6aa2378cabe25d021acd80f13abf81181cf", size = 666581, upload-time = "2026-02-20T21:02:51.526Z" },
    { url = "https://files.pythonhosted.org/packages/8e/30/3a09155fbf728673a1dea713572d2d31159f824a37c22da82127056c44e4/greenlet-3.3.2-cp314-cp314t-manylinux_2_24_x86_64.manylinux_2_28_x86_64.whl", hash = "sha256:b26b0f4428b871a751968285a1ac9648944cea09807177ac639b030bddebcea4", size = 657907, upload-time = "2026-02-20T20:21:05.259Z" },
    { url = "https://files.pythonhosted.org/packages/f3/fd/d05a4b7acd0154ed758797f0a43b4c0962a843bedfe980115e842c5b2d08/greenlet-3.3.2-cp314-cp314t-musllinux_1_2_aarch64.whl", hash = "sha256:1fb39a11ee2e4d94be9a76671482be9398560955c9e568550de0224e41104727", size = 1618857, upload-time = "2026-02-20T20:49:37.309Z" },
    { url = "https://files.pythonhosted.org/packages/6f/e1/50ee92a5db521de8f35075b5eff060dd43d39ebd46c2181a2042f7070385/greenlet-3.3.2-cp314-cp314t-musllinux_1_2_x86_64.whl", hash = "sha256:20154044d9085151bc309e7689d6f7ba10027f8f5a8c0676ad398b951913d89e", size = 1680010, upload-time = "2026-02-20T20:21:13.427Z" },
    { url = "https://files.pythonhosted.org/packages/29/4b/45d90626aef8e65336bed690106d1382f7a43665e2249017e9527df8823b/greenlet-3.3.2-cp314-cp314t-win_amd64.whl", hash = "sha256:c04c5e06ec3e022cbfe2cd4a846e1d4e50087444f875ff6d2c2ad8445495cf1a", size = 237086, upload-time = "2026-02-20T20:20:45.786Z" },
]

[[package]]
name = "idna"
version = "3.15"
source = { registry = "https://pypi.org/simple" }
sdist = { url = "https://files.pythonhosted.org/packages/82/77/7b3966d0b9d1d31a36ddf1746926a11dface89a83409bf1483f0237aa758/idna-3.15.tar.gz", hash = "sha256:ca962446ea538f7092a95e057da437618e886f4d349216d2b1e294abfdb65fdc", size = 199245, upload-time = "2026-05-12T22:45:57.011Z" }
wheels = [
    { url = "https://files.pythonhosted.org/packages/d2/23/408243171aa9aaba178d3e2559159c24c1171a641aa83b67bdd3394ead8e/idna-3.15-py3-none-any.whl", hash = "sha256:048adeaf8c2d788c40fee287673ccaa74c24ffd8dcf09ffa555a2fbb59f10ac8", size = 72340, upload-time = "2026-05-12T22:45:55.733Z" },
]

[[package]]
name = "lxml"
version = "6.1.0"
source = { registry = "https://pypi.org/simple" }
sdist = { url = "https://files.pythonhosted.org/packages/28/30/9abc9e34c657c33834eaf6cd02124c61bdf5944d802aa48e69be8da3585d/lxml-6.1.0.tar.gz", hash = "sha256:bfd57d8008c4965709a919c3e9a98f76c2c7cb319086b3d26858250620023b13", size = 4197006, upload-time = "2026-04-18T04:32:51.613Z" }
wheels = [
    { url = "https://files.pythonhosted.org/packages/08/03/69347590f1cf4a6d5a4944bb6099e6d37f334784f16062234e1f892fdb1d/lxml-6.1.0-cp313-cp313-macosx_10_13_universal2.whl", hash = "sha256:a0092f2b107b69601adf562a57c956fbb596e05e3e6651cabd3054113b007e45", size = 8559689, upload-time = "2026-04-18T04:31:57.785Z" },
    { url = "https://files.pythonhosted.org/packages/3f/58/25e00bb40b185c974cfe156c110474d9a8a8390d5f7c92a4e328189bb60e/lxml-6.1.0-cp313-cp313-macosx_10_13_x86_64.whl", hash = "sha256:fc7140d7a7386e6b545d41b7358f4d02b656d4053f5fa6859f92f4b9c2572c4d", size = 4617892, upload-time = "2026-04-18T04:32:01.78Z" },
    { url = "https://files.pythonhosted.org/packages/f5/54/92ad98a94ac318dc4f97aaac22ff8d1b94212b2ae8af5b6e9b354bf825f7/lxml-6.1.0-cp313-cp313-manylinux2014_aarch64.manylinux_2_17_aarch64.whl", hash = "sha256:419c58fc92cc3a2c3fa5f78c63dbf5da70c1fa9c1b25f25727ecee89a96c7de2", size = 4923489, upload-time = "2026-04-18T04:33:31.401Z" },
    { url = "https://files.pythonhosted.org/packages/15/3b/a20aecfab42bdf4f9b390590d345857ad3ffd7c51988d1c89c53a0c73faf/lxml-6.1.0-cp313-cp313-manylinux2014_x86_64.manylinux_2_17_x86_64.whl", hash = "sha256:37fabd1452852636cf38ecdcc9dd5ca4bba7a35d6c53fa09725deeb894a87491", size = 5082162, upload-time = "2026-04-18T04:33:34.262Z" },
    { url = "https://files.pythonhosted.org/packages/45/26/2cdb3d281ac1bd175603e290cbe4bad6eff127c0f8de90bafd6f8548f0fd/lxml-6.1.0-cp313-cp313-manylinux_2_26_aarch64.manylinux_2_28_aarch64.whl", hash = "sha256:a2853c8b2170cc6cd54a6b4d50d2c1a8a7aeca201f23804b4898525c7a152cfc", size = 4993247, upload-time = "2026-04-18T04:33:36.674Z" },
    { url = "https://files.pythonhosted.org/packages/f6/05/d735aef963740022a08185c84821f689fc903acb3d50326e6b1e9886cc22/lxml-6.1.0-cp313-cp313-manylinux_2_26_ppc64le.manylinux_2_28_ppc64le.whl", hash = "sha256:8e369cbd690e788c8d15e56222d91a09c6a417f49cbc543040cba0fe2e25a79e", size = 5613042, upload-time = "2026-04-18T04:33:39.205Z" },
    { url = "https://files.pythonhosted.org/packages/ee/b8/ead7c10efff731738c72e59ed6eb5791854879fbed7ae98781a12006263a/lxml-6.1.0-cp313-cp313-manylinux_2_26_x86_64.manylinux_2_28_x86_64.whl", hash = "sha256:e69aa6805905807186eb00e66c6d97a935c928275182eb02ee40ba00da9623b2", size = 5228304, upload-time = "2026-04-18T04:33:41.647Z" },
    { url = "https://files.pythonhosted.org/packages/6b/10/e9842d2ec322ea65f0a7270aa0315a53abed06058b88ef1b027f620e7a5f/lxml-6.1.0-cp313-cp313-manylinux_2_28_i686.whl", hash = "sha256:4bd1bdb8a9e0e2dd229de19b5f8aebac80e916921b4b2c6ef8a52bc131d0c1f9", size = 5341578, upload-time = "2026-04-18T04:33:44.596Z" },
    { url = "https://files.pythonhosted.org/packages/89/54/40d9403d7c2775fa7301d3ddd3464689bfe9ba71acc17dfff777071b4fdc/lxml-6.1.0-cp313-cp313-manylinux_2_31_armv7l.whl", hash = "sha256:cbd7b79cdcb4986ad78a2662625882747f09db5e4cd7b2ae178a88c9c51b3dfe", size = 4700209, upload-time = "2026-04-18T04:33:47.552Z" },
    { url = "https://files.pythonhosted.org/packages/85/b2/bbdcc2cf45dfc7dfffef4fd97e5c47b15919b6a365247d95d6f684ef5e82/lxml-6.1.0-cp313-cp313-manylinux_2_38_riscv64.manylinux_2_39_riscv64.whl", hash = "sha256:43e4d297f11080ec9d64a4b1ad7ac02b4484c9f0e2179d9c4ef78e886e747b88", size = 5232365, upload-time = "2026-04-18T04:33:50.249Z" },
    { url = "https://files.pythonhosted.org/packages/48/5a/b06875665e53aaba7127611a7bed3b7b9658e20b22bc2dd217a0b7ab0091/lxml-6.1.0-cp313-cp313-musllinux_1_2_aarch64.whl", hash = "sha256:cc16682cc987a3da00aa56a3aa3075b08edb10d9b1e476938cfdbee8f3b67181", size = 5043654, upload-time = "2026-04-18T04:33:52.71Z" },
    { url = "https://files.pythonhosted.org/packages/e9/9c/e71a069d09641c1a7abeb30e693f828c7c90a41cbe3d650b2d734d876f85/lxml-6.1.0-cp313-cp313-musllinux_1_2_armv7l.whl", hash = "sha256:d6d8efe71429635f0559579092bb5e60560d7b9115ee38c4adbea35632e7fa24", size = 4769326, upload-time = "2026-04-18T04:33:55.244Z" },
    { url = "https://files.pythonhosted.org/packages/cc/06/7a9cd84b3d4ed79adf35f874750abb697dec0b4a81a836037b36e47c091a/lxml-6.1.0-cp313-cp313-musllinux_1_2_ppc64le.whl", hash = "sha256:7e39ab3a28af7784e206d8606ec0e4bcad0190f63a492bca95e94e5a4aef7f6e", size = 5635879, upload-time = "2026-04-18T04:33:58.509Z" },
    { url = "https://files.pythonhosted.org/packages/cc/f0/9d57916befc1e54c451712c7ee48e9e74e80ae4d03bdce49914e0aee42cd/lxml-6.1.0-cp313-cp313-musllinux_1_2_riscv64.whl", hash = "sha256:9eb667bf50856c4a58145f8ca2d5e5be160191e79eb9e30855a476191b3c3495", size = 5224048, upload-time = "2026-04-18T04:34:00.943Z" },
    { url = "https://files.pythonhosted.org/packages/99/75/90c4eefda0c08c92221fe0753db2d6699a4c628f76ff4465ec20dea84cc1/lxml-6.1.0-cp313-cp313-musllinux_1_2_x86_64.whl", hash = "sha256:7f4a77d6f7edf9230cee3e1f7f6764722a41604ee5681844f18db9a81ea0ec33", size = 5250241, upload-time = "2026-04-18T04:34:03.365Z" },
    { url = "https://files.pythonhosted.org/packages/5e/73/16596f7e4e38fa33084b9ccbccc22a15f82a290a055126f2c1541236d2ff/lxml-6.1.0-cp313-cp313-win32.whl", hash = "sha256:28902146ffbe5222df411c5d19e5352490122e14447e98cd118907ee3fd6ee62", size = 3596938, upload-time = "2026-04-18T04:31:56.206Z" },
    { url = "https://files.pythonhosted.org/packages/8e/63/981401c5680c1eb30893f00a19641ac80db5d1e7086c62cb4b13ed813038/lxml-6.1.0-cp313-cp313-win_amd64.whl", hash = "sha256:4a1503c56e4e2b38dc76f2f2da7bae69670c0f1933e27cfa34b2fa5876410b16", size = 3995728, upload-time = "2026-04-18T04:31:58.763Z" },
    { url = "https://files.pythonhosted.org/packages/e7/e8/c358a38ac3e541d16a1b527e4e9cb78c0419b0506a070ace11777e5e8404/lxml-6.1.0-cp313-cp313-win_arm64.whl", hash = "sha256:e0af85773850417d994d019741239b901b22c6680206f46a34766926e466141d", size = 3658372, upload-time = "2026-04-18T04:32:03.629Z" },
    { url = "https://files.pythonhosted.org/packages/eb/45/cee4cf203ef0bab5c52afc118da61d6b460c928f2893d40023cfa27e0b80/lxml-6.1.0-cp314-cp314-macosx_10_15_universal2.whl", hash = "sha256:ab863fd37458fed6456525f297d21239d987800c46e67da5ef04fc6b3dd93ac8", size = 8576713, upload-time = "2026-04-18T04:32:06.831Z" },
    { url = "https://files.pythonhosted.org/packages/8a/a7/eda05babeb7e046839204eaf254cd4d7c9130ce2bbf0d9e90ea41af5654d/lxml-6.1.0-cp314-cp314-macosx_10_15_x86_64.whl", hash = "sha256:6fd8b1df8254ff4fd93fd31da1fc15770bde23ac045be9bb1f87425702f61cc9", size = 4623874, upload-time = "2026-04-18T04:32:10.755Z" },
    { url = "https://files.pythonhosted.org/packages/e7/e9/db5846de9b436b91890a62f29d80cd849ea17948a49bf532d5278ee69a9e/lxml-6.1.0-cp314-cp314-manylinux2014_aarch64.manylinux_2_17_aarch64.whl", hash = "sha256:47024feaae386a92a146af0d2aeed65229bf6fff738e6a11dda6b0015fb8fd03", size = 4949535, upload-time = "2026-04-18T04:34:06.657Z" },
    { url = "https://files.pythonhosted.org/packages/5a/ba/0d3593373dcae1d68f40dc3c41a5a92f2544e68115eb2f62319a4c2a6500/lxml-6.1.0-cp314-cp314-manylinux2014_x86_64.manylinux_2_17_x86_64.whl", hash = "sha256:3f00972f84450204cd5d93a5395965e348956aaceaadec693a22ec743f8ae3eb", size = 5086881, upload-time = "2026-04-18T04:34:09.556Z" },
    { url = "https://files.pythonhosted.org/packages/43/76/759a7484539ad1af0d125a9afe9c3fb5f82a8779fd1f5f56319d9e4ea2fd/lxml-6.1.0-cp314-cp314-manylinux_2_26_aarch64.manylinux_2_28_aarch64.whl", hash = "sha256:97faa0860e13b05b15a51fb4986421ef7a30f0b3334061c416e0981e9450ca4c", size = 5031305, upload-time = "2026-04-18T04:34:12.336Z" },
    { url = "https://files.pythonhosted.org/packages/dc/b9/c1f0daf981a11e47636126901fd4ab82429e18c57aeb0fc3ad2940b42d8b/lxml-6.1.0-cp314-cp314-manylinux_2_26_ppc64le.manylinux_2_28_ppc64le.whl", hash = "sha256:972a6451204798675407beaad97b868d0c733d9a74dafefc63120b81b8c2de28", size = 5647522, upload-time = "2026-04-18T04:34:14.89Z" },
    { url = "https://files.pythonhosted.org/packages/31/e6/1f533dcd205275363d9ba3511bcec52fa2df86abf8abe6a5f2c599f0dc31/lxml-6.1.0-cp314-cp314-manylinux_2_26_x86_64.manylinux_2_28_x86_64.whl", hash = "sha256:fe022f20bc4569ec66b63b3fb275a3d628d9d32da6326b2982584104db6d3086", size = 5239310, upload-time = "2026-04-18T04:34:17.652Z" },
    { url = "https://files.pythonhosted.org/packages/c3/8c/4175fb709c78a6e315ed814ed33be3defd8b8721067e70419a6cf6f971da/lxml-6.1.0-cp314-cp314-manylinux_2_28_i686.whl", hash = "sha256:75c4c7c619a744f972f4451bf5adf6d0fb00992a1ffc9fd78e13b0bc817cc99f", size = 5350799, upload-time = "2026-04-18T04:34:20.529Z" },
    { url = "https://files.pythonhosted.org/packages/fd/77/6ffdebc5994975f0dde4acb59761902bd9d9bb84422b9a0bd239a7da9ca8/lxml-6.1.0-cp314-cp314-manylinux_2_31_armv7l.whl", hash = "sha256:3648f20d25102a22b6061c688beb3a805099ea4beb0a01ce62975d926944d292", size = 4697693, upload-time = "2026-04-18T04:34:23.541Z" },
    { url = "https://files.pythonhosted.org/packages/f8/f1/565f36bd5c73294602d48e04d23f81ff4c8736be6ba5e1d1ec670ac9be80/lxml-6.1.0-cp314-cp314-manylinux_2_38_riscv64.manylinux_2_39_riscv64.whl", hash = "sha256:77b9f99b17cbf14026d1e618035077060fc7195dd940d025149f3e2e830fbfcb", size = 5250708, upload-time = "2026-04-18T04:34:26.001Z" },
    { url = "https://files.pythonhosted.org/packages/5a/11/a68ab9dd18c5c499404deb4005f4bc4e0e88e5b72cd755ad96efec81d18d/lxml-6.1.0-cp314-cp314-musllinux_1_2_aarch64.whl", hash = "sha256:32662519149fd7a9db354175aa5e417d83485a8039b8aaa62f873ceee7ea4cad", size = 5084737, upload-time = "2026-04-18T04:34:28.32Z" },
    { url = "https://files.pythonhosted.org/packages/ab/78/e8f41e2c74f4af564e6a0348aea69fb6daaefa64bc071ef469823d22cc18/lxml-6.1.0-cp314-cp314-musllinux_1_2_armv7l.whl", hash = "sha256:73d658216fc173cf2c939e90e07b941c5e12736b0bf6a99e7af95459cfe8eabb", size = 4737817, upload-time = "2026-04-18T04:34:30.784Z" },
    { url = "https://files.pythonhosted.org/packages/06/2d/aa4e117aa2ce2f3b35d9ff246be74a2f8e853baba5d2a92c64744474603a/lxml-6.1.0-cp314-cp314-musllinux_1_2_ppc64le.whl", hash = "sha256:ac4db068889f8772a4a698c5980ec302771bb545e10c4b095d4c8be26749616f", size = 5670753, upload-time = "2026-04-18T04:34:33.675Z" },
    { url = "https://files.pythonhosted.org/packages/08/f5/dd745d50c0409031dbfcc4881740542a01e54d6f0110bd420fa7782110b8/lxml-6.1.0-cp314-cp314-musllinux_1_2_riscv64.whl", hash = "sha256:45e9dfbd1b661eb64ba0d4dbe762bd210c42d86dd1e5bd2bdf89d634231beb43", size = 5238071, upload-time = "2026-04-18T04:34:36.12Z" },
    { url = "https://files.pythonhosted.org/packages/3e/74/ad424f36d0340a904665867dab310a3f1f4c96ff4039698de83b77f44c1f/lxml-6.1.0-cp314-cp314-musllinux_1_2_x86_64.whl", hash = "sha256:89e8d73d09ac696a5ba42ec69787913d53284f12092f651506779314f10ba585", size = 5264319, upload-time = "2026-04-18T04:34:39.035Z" },
    { url = "https://files.pythonhosted.org/packages/53/36/a15d8b3514ec889bfd6aa3609107fcb6c9189f8dc347f1c0b81eded8d87c/lxml-6.1.0-cp314-cp314-win32.whl", hash = "sha256:ebe33f4ec1b2de38ceb225a1749a2965855bffeef435ba93cd2d5d540783bf2f", size = 3657139, upload-time = "2026-04-18T04:32:20.006Z" },
    { url = "https://files.pythonhosted.org/packages/1a/a4/263ebb0710851a3c6c937180a9a86df1206fdfe53cc43005aa2237fd7736/lxml-6.1.0-cp314-cp314-win_amd64.whl", hash = "sha256:398443df51c538bd578529aa7e5f7afc6c292644174b47961f3bf87fe5741120", size = 4064195, upload-time = "2026-04-18T04:32:23.876Z" },
    { url = "https://files.pythonhosted.org/packages/80/68/2000f29d323b6c286de077ad20b429fc52272e44eae6d295467043e56012/lxml-6.1.0-cp314-cp314-win_arm64.whl", hash = "sha256:8c8984e1d8c4b3949e419158fda14d921ff703a9ed8a47236c6eb7a2b6cb4946", size = 3741870, upload-time = "2026-04-18T04:32:27.922Z" },
    { url = "https://files.pythonhosted.org/packages/30/e9/21383c7c8d43799f0da90224c0d7c921870d476ec9b3e01e1b2c0b8237c5/lxml-6.1.0-cp314-cp314t-macosx_10_15_universal2.whl", hash = "sha256:1081dd10bc6fa437db2500e13993abf7cc30716d0a2f40e65abb935f02ec559c", size = 8827548, upload-time = "2026-04-18T04:32:15.094Z" },
    { url = "https://files.pythonhosted.org/packages/a5/01/c6bc11cd587030dd4f719f65c5657960649fe3e19196c844c75bf32cd0d6/lxml-6.1.0-cp314-cp314t-macosx_10_15_x86_64.whl", hash = "sha256:dabecc48db5f42ba348d1f5d5afdc54c6c4cc758e676926c7cd327045749517d", size = 4735866, upload-time = "2026-04-18T04:32:18.924Z" },
    { url = "https://files.pythonhosted.org/packages/f3/01/757132fff5f4acf25463b5298f1a46099f3a94480b806547b29ce5e385de/lxml-6.1.0-cp314-cp314t-manylinux2014_aarch64.manylinux_2_17_aarch64.whl", hash = "sha256:e3dd5fe19c9e0ac818a9c7f132a5e43c1339ec1cbbfecb1a938bd3a47875b7c9", size = 4969476, upload-time = "2026-04-18T04:34:41.889Z" },
    { url = "https://files.pythonhosted.org/packages/fd/fb/1bc8b9d27ed64be7c8903db6c89e74dc8c2cd9ec630a7462e4654316dc5b/lxml-6.1.0-cp314-cp314t-manylinux2014_x86_64.manylinux_2_17_x86_64.whl", hash = "sha256:9e7b0a4ca6dcc007a4cef00a761bba2dea959de4bd2df98f926b33c92ca5dfb9", size = 5103719, upload-time = "2026-04-18T04:34:44.797Z" },
    { url = "https://files.pythonhosted.org/packages/d5/e7/5bf82fa28133536a54601aae633b14988e89ed61d4c1eb6b899b023233aa/lxml-6.1.0-cp314-cp314t-manylinux_2_26_aarch64.manylinux_2_28_aarch64.whl", hash = "sha256:5d27bbe326c6b539c64b42638b18bc6003a8d88f76213a97ac9ed4f885efeab7", size = 5027890, upload-time = "2026-04-18T04:34:47.634Z" },
    { url = "https://files.pythonhosted.org/packages/2d/20/e048db5d4b4ea0366648aa595f26bb764b2670903fc585b87436d0a5032c/lxml-6.1.0-cp314-cp314t-manylinux_2_26_ppc64le.manylinux_2_28_ppc64le.whl", hash = "sha256:c4e425db0c5445ef0ad56b0eec54f89b88b2d884656e536a90b2f52aecb4ca86", size = 5596008, upload-time = "2026-04-18T04:34:51.503Z" },
    { url = "https://files.pythonhosted.org/packages/9a/c2/d10807bc8da4824b39e5bd01b5d05c077b6fd01bd91584167edf6b269d22/lxml-6.1.0-cp314-cp314t-manylinux_2_26_x86_64.manylinux_2_28_x86_64.whl", hash = "sha256:4b89b098105b8599dc57adac95d1813409ac476d3c948a498775d3d0c6124bfb", size = 5224451, upload-time = "2026-04-18T04:34:54.263Z" },
    { url = "https://files.pythonhosted.org/packages/3c/15/2ebea45bea427e7f0057e9ce7b2d62c5aba20c6b001cca89ed0aadb3ad41/lxml-6.1.0-cp314-cp314t-manylinux_2_28_i686.whl", hash = "sha256:c4a699432846df86cc3de502ee85f445ebad748a1c6021d445f3e514d2cd4b1c", size = 5312135, upload-time = "2026-04-18T04:34:56.818Z" },
    { url = "https://files.pythonhosted.org/packages/31/e2/87eeae151b0be2a308d49a7ec444ff3eb192b14251e62addb29d0bf3778f/lxml-6.1.0-cp314-cp314t-manylinux_2_31_armv7l.whl", hash = "sha256:30e7b2ed63b6c8e97cca8af048589a788ab5c9c905f36d9cf1c2bb549f450d2f", size = 4639126, upload-time = "2026-04-18T04:34:59.704Z" },
    { url = "https://files.pythonhosted.org/packages/a3/51/8a3f6a20902ad604dd746ec7b4000311b240d389dac5e9d95adefd349e0c/lxml-6.1.0-cp314-cp314t-manylinux_2_38_riscv64.manylinux_2_39_riscv64.whl", hash = "sha256:022981127642fe19866d2907d76241bb07ed21749601f727d5d5dd1ce5d1b773", size = 5232579, upload-time = "2026-04-18T04:35:02.658Z" },
    { url = "https://files.pythonhosted.org/packages/6d/d2/650d619bdbe048d2c3f2c31edb00e35670a5e2d65b4fe3b61bce37b19121/lxml-6.1.0-cp314-cp314t-musllinux_1_2_aarch64.whl", hash = "sha256:23cad0cc86046d4222f7f418910e46b89971c5a45d3c8abfad0f64b7b05e4a9b", size = 5084206, upload-time = "2026-04-18T04:35:05.175Z" },
    { url = "https://files.pythonhosted.org/packages/dd/8a/672ca1a3cbeabd1f511ca275a916c0514b747f4b85bdaae103b8fa92f307/lxml-6.1.0-cp314-cp314t-musllinux_1_2_armv7l.whl", hash = "sha256:21c3302068f50d1e8728c67c87ba92aa87043abee517aa2576cca1855326b405", size = 4758906, upload-time = "2026-04-18T04:35:08.098Z" },
    { url = "https://files.pythonhosted.org/packages/be/f1/ef4b691da85c916cb2feb1eec7414f678162798ac85e042fa164419ac05c/lxml-6.1.0-cp314-cp314t-musllinux_1_2_ppc64le.whl", hash = "sha256:be10838781cb3be19251e276910cd508fe127e27c3242e50521521a0f3781690", size = 5620553, upload-time = "2026-04-18T04:35:11.23Z" },
    { url = "https://files.pythonhosted.org/packages/59/17/94e81def74107809755ac2782fdad4404420f1c92ca83433d117a6d5acf0/lxml-6.1.0-cp314-cp314t-musllinux_1_2_riscv64.whl", hash = "sha256:2173a7bffe97667bbf0767f8a99e587740a8c56fdf3befac4b09cb29a80276fd", size = 5229458, upload-time = "2026-04-18T04:35:14.254Z" },
    { url = "https://files.pythonhosted.org/packages/21/55/c4be91b0f830a871fc1b0d730943d56013b683d4671d5198260e2eae722b/lxml-6.1.0-cp314-cp314t-musllinux_1_2_x86_64.whl", hash = "sha256:c6854e9cf99c84beb004eecd7d3a3868ef1109bf2b1df92d7bc11e96a36c2180", size = 5247861, upload-time = "2026-04-18T04:35:17.006Z" },
    { url = "https://files.pythonhosted.org/packages/c2/ca/77123e4d77df3cb1e968ade7b1f808f5d3a5c1c96b18a33895397de292c1/lxml-6.1.0-cp314-cp314t-win32.whl", hash = "sha256:00750d63ef0031a05331b9223463b1c7c02b9004cef2346a5b2877f0f9494dd2", size = 3897377, upload-time = "2026-04-18T04:32:07.656Z" },
    { url = "https://files.pythonhosted.org/packages/64/ce/3554833989d074267c063209bae8b09815e5656456a2d332b947806b05ff/lxml-6.1.0-cp314-cp314t-win_amd64.whl", hash = "sha256:80410c3a7e3c617af04de17caa9f9f20adaa817093293d69eae7d7d0522836f5", size = 4392701, upload-time = "2026-04-18T04:32:12.113Z" },
    { url = "https://files.pythonhosted.org/packages/2b/a0/9b916c68c0e57752c07f8f64b30138d9d4059dbeb27b90274dedbea128ff/lxml-6.1.0-cp314-cp314t-win_arm64.whl", hash = "sha256:26dd9f57ee3bd41e7d35b4c98a2ffd89ed11591649f421f0ec19f67d50ec67ac", size = 3817120, upload-time = "2026-04-18T04:32:15.803Z" },
]

[[package]]
name = "playwright"
version = "1.58.0"
source = { registry = "https://pypi.org/simple" }
dependencies = [
    { name = "greenlet" },
    { name = "pyee" },
]
wheels = [
    { url = "https://files.pythonhosted.org/packages/f8/c9/9c6061d5703267f1baae6a4647bfd1862e386fbfdb97d889f6f6ae9e3f64/playwright-1.58.0-py3-none-macosx_10_13_x86_64.whl", hash = "sha256:96e3204aac292ee639edbfdef6298b4be2ea0a55a16b7068df91adac077cc606", size = 42251098, upload-time = "2026-01-30T15:09:24.028Z" },
    { url = "https://files.pythonhosted.org/packages/e0/40/59d34a756e02f8c670f0fee987d46f7ee53d05447d43cd114ca015cb168c/playwright-1.58.0-py3-none-macosx_11_0_arm64.whl", hash = "sha256:70c763694739d28df71ed578b9c8202bb83e8fe8fb9268c04dd13afe36301f71", size = 41039625, upload-time = "2026-01-30T15:09:27.558Z" },
    { url = "https://files.pythonhosted.org/packages/e1/ee/3ce6209c9c74a650aac9028c621f357a34ea5cd4d950700f8e2c4b7fe2c4/playwright-1.58.0-py3-none-macosx_11_0_universal2.whl", hash = "sha256:185e0132578733d02802dfddfbbc35f42be23a45ff49ccae5081f25952238117", size = 42251098, upload-time = "2026-01-30T15:09:30.461Z" },
    { url = "https://files.pythonhosted.org/packages/f1/af/009958cbf23fac551a940d34e3206e6c7eed2b8c940d0c3afd1feb0b0589/playwright-1.58.0-py3-none-manylinux1_x86_64.whl", hash = "sha256:c95568ba1eda83812598c1dc9be60b4406dffd60b149bc1536180ad108723d6b", size = 46235268, upload-time = "2026-01-30T15:09:33.787Z" },
    { url = "https://files.pythonhosted.org/packages/d9/a6/0e66ad04b6d3440dae73efb39540c5685c5fc95b17c8b29340b62abbd952/playwright-1.58.0-py3-none-manylinux_2_17_aarch64.manylinux2014_aarch64.whl", hash = "sha256:8f9999948f1ab541d98812de25e3a8c410776aa516d948807140aff797b4bffa", size = 45964214, upload-time = "2026-01-30T15:09:36.751Z" },
    { url = "https://files.pythonhosted.org/packages/0e/4b/236e60ab9f6d62ed0fd32150d61f1f494cefbf02304c0061e78ed80c1c32/playwright-1.58.0-py3-none-win32.whl", hash = "sha256:1e03be090e75a0fabbdaeab65ce17c308c425d879fa48bb1d7986f96bfad0b99", size = 36815998, upload-time = "2026-01-30T15:09:39.627Z" },
    { url = "https://files.pythonhosted.org/packages/41/f8/5ec599c5e59d2f2f336a05b4f318e733077cd5044f24adb6f86900c3e6a7/playwright-1.58.0-py3-none-win_amd64.whl", hash = "sha256:a2bf639d0ce33b3ba38de777e08697b0d8f3dc07ab6802e4ac53fb65e3907af8", size = 36816005, upload-time = "2026-01-30T15:09:42.449Z" },
    { url = "https://files.pythonhosted.org/packages/c8/c4/cc0229fea55c87d6c9c67fe44a21e2cd28d1d558a5478ed4d617e9fb0c93/playwright-1.58.0-py3-none-win_arm64.whl", hash = "sha256:32ffe5c303901a13a0ecab91d1c3f74baf73b84f4bedbb6b935f5bc11cc98e1b", size = 33085919, upload-time = "2026-01-30T15:09:45.71Z" },
]

[[package]]
name = "playwright-stealth"
version = "2.0.2"
source = { registry = "https://pypi.org/simple" }
dependencies = [
    { name = "playwright" },
]
sdist = { url = "https://files.pythonhosted.org/packages/61/ee/871901103c7b2a12070011fd4d978191f8f962837bf8bb51847274f528fa/playwright_stealth-2.0.2.tar.gz", hash = "sha256:ac57e51873190da5e653e03720e948c8f0a3d06b098f1d56763103d23ee48143", size = 24902, upload-time = "2026-02-13T02:36:25.137Z" }
wheels = [
    { url = "https://files.pythonhosted.org/packages/f1/30/f95f087f4b071611a7f63a2a0c9af4df3ac046dae2a693bfdacd70512867/playwright_stealth-2.0.2-py3-none-any.whl", hash = "sha256:37a5733f481b9c0ad602cf71491aa5a7c96c2a2fe4fa1e7ab764d2cd35520f2f", size = 33209, upload-time = "2026-02-13T02:36:26.334Z" },
]

[[package]]
name = "pyee"
version = "13.0.1"
source = { registry = "https://pypi.org/simple" }
dependencies = [
    { name = "typing-extensions" },
]
sdist = { url = "https://files.pythonhosted.org/packages/8b/04/e7c1fe4dc78a6fdbfd6c337b1c3732ff543b8a397683ab38378447baa331/pyee-13.0.1.tar.gz", hash = "sha256:0b931f7c14535667ed4c7e0d531716368715e860b988770fc7eb8578d1f67fc8", size = 31655, upload-time = "2026-02-14T21:12:28.044Z" }
wheels = [
    { url = "https://files.pythonhosted.org/packages/a0/c4/b4d4827c93ef43c01f599ef31453ccc1c132b353284fc6c87d535c233129/pyee-13.0.1-py3-none-any.whl", hash = "sha256:af2f8fede4171ef667dfded53f96e2ed0d6e6bd7ee3bb46437f77e3b57689228", size = 15659, upload-time = "2026-02-14T21:12:26.263Z" },
]

[[package]]
name = "requests"
version = "2.33.0"
source = { registry = "https://pypi.org/simple" }
dependencies = [
    { name = "certifi" },
    { name = "charset-normalizer" },
    { name = "idna" },
    { name = "urllib3" },
]
sdist = { url = "https://files.pythonhosted.org/packages/34/64/8860370b167a9721e8956ae116825caff829224fbca0ca6e7bf8ddef8430/requests-2.33.0.tar.gz", hash = "sha256:c7ebc5e8b0f21837386ad0e1c8fe8b829fa5f544d8df3b2253bff14ef29d7652", size = 134232, upload-time = "2026-03-25T15:10:41.586Z" }
wheels = [
    { url = "https://files.pythonhosted.org/packages/56/5d/c814546c2333ceea4ba42262d8c4d55763003e767fa169adc693bd524478/requests-2.33.0-py3-none-any.whl", hash = "sha256:3324635456fa185245e24865e810cecec7b4caf933d7eb133dcde67d48cee69b", size = 65017, upload-time = "2026-03-25T15:10:40.382Z" },
]

[[package]]
name = "soupsieve"
version = "2.8.4"
source = { registry = "https://pypi.org/simple" }
sdist = { url = "https://files.pythonhosted.org/packages/47/2c/0a5f6f8ee0d5589e48c7640213ed5175d52cf540a06725b628cc1a45d6ce/soupsieve-2.8.4.tar.gz", hash = "sha256:e121fd02e975c695e4e9e8774a5ee35d74714b59307868dcc5319ad2d9e3328e", size = 121110, upload-time = "2026-05-24T13:55:57.154Z" }
wheels = [
    { url = "https://files.pythonhosted.org/packages/5e/f5/0c41cb68dcae6b7de4fac4188a3a9589e21fb31df21ea3a2e888db95e6c9/soupsieve-2.8.4-py3-none-any.whl", hash = "sha256:e7e6b0769c8f51ed59acab6e994b00621096cfb1c640a7509295987388fbaf65", size = 37304, upload-time = "2026-05-24T13:55:55.406Z" },
]

[[package]]
name = "telegram"
version = "0.0.1"
source = { registry = "https://pypi.org/simple" }
sdist = { url = "https://files.pythonhosted.org/packages/9d/ca/8bdf2deb93b9f6971dabf2ddc827c2a98ce23e13582a15b37e9bc169f226/telegram-0.0.1.tar.gz", hash = "sha256:d405a0af4c868a8dbeae6d03e297e21c7ee6269e11e2ed3810e15544aba02591", size = 879, upload-time = "2015-09-29T07:32:18.348Z" }

[[package]]
name = "typing-extensions"
version = "4.15.0"
source = { registry = "https://pypi.org/simple" }
sdist = { url = "https://files.pythonhosted.org/packages/72/94/1a15dd82efb362ac84269196e94cf00f187f7ed21c242792a923cdb1c61f/typing_extensions-4.15.0.tar.gz", hash = "sha256:0cea48d173cc12fa28ecabc3b837ea3cf6f38c6d1136f85cbaaf598984861466", size = 109391, upload-time = "2025-08-25T13:49:26.313Z" }
wheels = [
    { url = "https://files.pythonhosted.org/packages/18/67/36e9267722cc04a6b9f15c7f3441c2363321a3ea07da7ae0c0707beb2a9c/typing_extensions-4.15.0-py3-none-any.whl", hash = "sha256:f0fa19c6845758ab08074a0cfa8b7aecb71c999ca73d62883bc25cc018c4e548", size = 44614, upload-time = "2025-08-25T13:49:24.86Z" },
]

[[package]]
name = "urllib3"
version = "2.7.0"
source = { registry = "https://pypi.org/simple" }
sdist = { url = "https://files.pythonhosted.org/packages/53/0c/06f8b233b8fd13b9e5ee11424ef85419ba0d8ba0b3138bf360be2ff56953/urllib3-2.7.0.tar.gz", hash = "sha256:231e0ec3b63ceb14667c67be60f2f2c40a518cb38b03af60abc813da26505f4c", size = 433602, upload-time = "2026-05-07T16:13:18.596Z" }
wheels = [
    { url = "https://files.pythonhosted.org/packages/7f/3e/5db95bcf282c52709639744ca2a8b149baccf648e39c8cc87553df9eae0c/urllib3-2.7.0-py3-none-any.whl", hash = "sha256:9fb4c81ebbb1ce9531cce37674bbc6f1360472bc18ca9a553ede278ef7276897", size = 131087, upload-time = "2026-05-07T16:13:17.151Z" },
]
